
Microsoft Visual Studio Solution File, Format Version 12.00
# Visual Studio 15
VisualStudioVersion = 15.0.27004.2006
MinimumVisualStudioVersion = 10.0.40219.1
Project("{9A19103F-16F7-4668-BE54-9A1E7A4F7556}") = "J_SETUP_SQL", "J_SETUP_SQL.csproj", "{18C7BB59-2B0A-4F93-98DF-48F386A4EF06}"
EndProject
Global
	GlobalSection(SolutionConfigurationPlatforms) = preSolution
		Debug|Any CPU = Debug|Any CPU
		Release|Any CPU = Release|Any CPU
	EndGlobalSection
	GlobalSection(ProjectConfigurationPlatforms) = postSolution
		{18C7BB59-2B0A-4F93-98DF-48F386A4EF06}.Debug|Any CPU.ActiveCfg = Debug|Any CPU
		{18C7BB59-2B0A-4F93-98DF-48F386A4EF06}.Debug|Any CPU.Build.0 = Debug|Any CPU
		{18C7BB59-2B0A-4F93-98DF-48F386A4EF06}.Release|Any CPU.ActiveCfg = Release|Any CPU
		{18C7BB59-2B0A-4F93-98DF-48F386A4EF06}.Release|Any CPU.Build.0 = Release|Any CPU
	EndGlobalSection
	GlobalSection(SolutionProperties) = preSolution
		HideSolutionNode = FALSE
	EndGlobalSection
	GlobalSection(ExtensibilityGlobals) = postSolution
		SolutionGuid = {5EA9C821-C161-4CEB-BD39-543996E1CA75}
	EndGlobalSection
EndGlobal
